
Microsoft Visual Studio Solution File, Format Version 12.00
# Visual Studio 15
VisualStudioVersion = 15.0.26730.3
MinimumVisualStudioVersion = 10.0.40219.1
Project("{FAE04EC0-301F-11D3-BF4B-00C04F79EFBC}") = "11(2)", "11(2).csproj", "{B277B520-D465-4C03-8D67-E811D7009291}"
EndProject
Global
	GlobalSection(SolutionConfigurationPlatforms) = preSolution
		Debug|Any CPU = Debug|Any CPU
		Release|Any CPU = Release|Any CPU
	EndGlobalSection
	GlobalSection(ProjectConfigurationPlatforms) = postSolution
		{B277B520-D465-4C03-8D67-E811D7009291}.Debug|Any CPU.ActiveCfg = Debug|Any CPU
		{B277B520-D465-4C03-8D67-E811D7009291}.Debug|Any CPU.Build.0 = Debug|Any CPU
		{B277B520-D465-4C03-8D67-E811D7009291}.Release|Any CPU.ActiveCfg = Release|Any CPU
		{B277B520-D465-4C03-8D67-E811D7009291}.Release|Any CPU.Build.0 = Release|Any CPU
	EndGlobalSection
	GlobalSection(SolutionProperties) = preSolution
		HideSolutionNode = FALSE
	EndGlobalSection
	GlobalSection(ExtensibilityGlobals) = postSolution
		SolutionGuid = {F101D86B-8BAF-4408-B8A9-0EA07D7BA2AB}
	EndGlobalSection
EndGlobal
